// !$*UTF8*$!
{
	archiveVersion = 1;
	classes = {
	};
	objectVersion = 77;
	objects = {

/* Begin PBXContainerItemProxy section */
		4A274CB32D08813A00EC1990 /* PBXContainerItemProxy */ = {
			isa = PBXContainerItemProxy;
			containerPortal = 4A274C9A2D08813900EC1990 /* Project object */;
			proxyType = 1;
			remoteGlobalIDString = 4A274CA12D08813900EC1990;
			remoteInfo = Invisible_Travel;
		};
		4A274CBD2D08813A00EC1990 /* PBXContainerItemProxy */ = {
			isa = PBXContainerItemProxy;
			containerPortal = 4A274C9A2D08813900EC1990 /* Project object */;
			proxyType = 1;
			remoteGlobalIDString = 4A274CA12D08813900EC1990;
			remoteInfo = Invisible_Travel;
		};
/* End PBXContainerItemProxy section */

/* Begin PBXFileReference section */
		4A274CA22D08813900EC1990 /* Invisible_Travel.app */ = {isa = PBXFileReference; explicitFileType = wrapper.application; includeInIndex = 0; path = Invisible_Travel.app; sourceTree = BUILT_PRODUCTS_DIR; };
		4A274CB22D08813A00EC1990 /* Invisible_TravelTests.xctest */ = {isa = PBXFileReference; explicitFileType = wrapper.cfbundle; includeInIndex = 0; path = Invisible_TravelTests.xctest; sourceTree = BUILT_PRODUCTS_DIR; };
		4A274CBC2D08813A00EC1990 /* Invisible_TravelUITests.xctest */ = {isa = PBXFileReference; explicitFileType = wrapper.cfbundle; includeInIndex = 0; path = Invisible_TravelUITests.xctest; sourceTree = BUILT_PRODUCTS_DIR; };
/* End PBXFileReference section */

/* Begin PBXFileSystemSynchronizedRootGroup section */
		4A274CA42D08813900EC1990 /* Invisible_Travel */ = {
			isa = PBXFileSystemSynchronizedRootGroup;
			path = Invisible_Travel;
			sourceTree = "<group>";
		};
		4A274CB52D08813A00EC1990 /* Invisible_TravelTests */ = {
			isa = PBXFileSystemSynchronizedRootGroup;
			path = Invisible_TravelTests;
			sourceTree = "<group>";
		};
		4A274CBF2D08813A00EC1990 /* Invisible_TravelUITests */ = {
			isa = PBXFileSystemSynchronizedRootGroup;
			path = Invisible_TravelUITests;
			sourceTree = "<group>";
		};
/* End PBXFileSystemSynchronizedRootGroup section */

/* Begin PBXFrameworksBuildPhase section */
		4A274C9F2D08813900EC1990 /* Frameworks */ = {
			isa = PBXFrameworksBuildPhase;
			buildActionMask = 2147483647;
			files = (
			);
			runOnlyForDeploymentPostprocessing = 0;
		};
		4A274CAF2D08813A00EC1990 /* Frameworks */ = {
			isa = PBXFrameworksBuildPhase;
			buildActionMask = 2147483647;
			files = (
			);
			runOnlyForDeploymentPostprocessing = 0;
		};
		4A274CB92D08813A00EC1990 /* Frameworks */ = {
			isa = PBXFrameworksBuildPhase;
			buildActionMask = 2147483647;
			files = (
			);
			runOnlyForDeploymentPostprocessing = 0;
		};
/* End PBXFrameworksBuildPhase section */

/* Begin PBXGroup section */
		4A274C992D08813900EC1990 = {
			isa = PBXGroup;
			children = (
				4A274CA42D08813900EC1990 /* Invisible_Travel */,
				4A274CB52D08813A00EC1990 /* Invisible_TravelTests */,
				4A274CBF2D08813A00EC1990 /* Invisible_TravelUITests */,
				4A274CA32D08813900EC1990 /* Products */,
			);
			sourceTree = "<group>";
		};
		4A274CA32D08813900EC1990 /* Products */ = {
			isa = PBXGroup;
			children = (
				4A274CA22D08813900EC1990 /* Invisible_Travel.app */,
				4A274CB22D08813A00EC1990 /* Invisible_TravelTests.xctest */,
				4A274CBC2D08813A00EC1990 /* Invisible_TravelUITests.xctest */,
			);
			name = Products;
			sourceTree = "<group>";
		};
/* End PBXGroup section */

/* Begin PBXNativeTarget section */
		4A274CA12D08813900EC1990 /* Invisible_Travel */ = {
			isa = PBXNativeTarget;
			buildConfigurationList = 4A274CC62D08813A00EC1990 /* Build configuration list for PBXNativeTarget "Invisible_Travel" */;
			buildPhases = (
				4A274C9E2D08813900EC1990 /* Sources */,
				4A274C9F2D08813900EC1990 /* Frameworks */,
				4A274CA02D08813900EC1990 /* Resources */,
			);
			buildRules = (
			);
			dependencies = (
			);
			fileSystemSynchronizedGroups = (
				4A274CA42D08813900EC1990 /* Invisible_Travel */,
			);
			name = Invisible_Travel;
			packageProductDependencies = (
			);
			productName = Invisible_Travel;
			productReference = 4A274CA22D08813900EC1990 /* Invisible_Travel.app */;
			productType = "com.apple.product-type.application";
		};
		4A274CB12D08813A00EC1990 /* Invisible_TravelTests */ = {
			isa = PBXNativeTarget;
			buildConfigurationList = 4A274CC92D08813A00EC1990 /* Build configuration list for PBXNativeTarget "Invisible_TravelTests" */;
			buildPhases = (
				4A274CAE2D08813A00EC1990 /* Sources */,
				4A274CAF2D08813A00EC1990 /* Frameworks */,
				4A274CB02D08813A00EC1990 /* Resources */,
			);
			buildRules = (
			);
			dependencies = (
				4A274CB42D08813A00EC1990 /* PBXTargetDependency */,
			);
			fileSystemSynchronizedGroups = (
				4A274CB52D08813A00EC1990 /* Invisible_TravelTests */,
			);
			name = Invisible_TravelTests;
			packageProductDependencies = (
			);
			productName = Invisible_TravelTests;
			productReference = 4A274CB22D08813A00EC1990 /* Invisible_TravelTests.xctest */;
			productType = "com.apple.product-type.bundle.unit-test";
		};
		4A274CBB2D08813A00EC1990 /* Invisible_TravelUITests */ = {
			isa = PBXNativeTarget;
			buildConfigurationList = 4A274CCC2D08813A00EC1990 /* Build configuration list for PBXNativeTarget "Invisible_TravelUITests" */;
			buildPhases = (
				4A274CB82D08813A00EC1990 /* Sources */,
				4A274CB92D08813A00EC1990 /* Frameworks */,
				4A274CBA2D08813A00EC1990 /* Resources */,
			);
			buildRules = (
			);
			dependencies = (
				4A274CBE2D08813A00EC1990 /* PBXTargetDependency */,
			);
			fileSystemSynchronizedGroups = (
				4A274CBF2D08813A00EC1990 /* Invisible_TravelUITests */,
			);
			name = Invisible_TravelUITests;
			packageProductDependencies = (
			);
			productName = Invisible_TravelUITests;
			productReference = 4A274CBC2D08813A00EC1990 /* Invisible_TravelUITests.xctest */;
			productType = "com.apple.product-type.bundle.ui-testing";
		};
/* End PBXNativeTarget section */

/* Begin PBXProject section */
		4A274C9A2D08813900EC1990 /* Project object */ = {
			isa = PBXProject;
			attributes = {
				BuildIndependentTargetsInParallel = 1;
				LastSwiftUpdateCheck = 1610;
				LastUpgradeCheck = 1610;
				TargetAttributes = {
					4A274CA12D08813900EC1990 = {
						CreatedOnToolsVersion = 16.1;
					};
					4A274CB12D08813A00EC1990 = {
						CreatedOnToolsVersion = 16.1;
						TestTargetID = 4A274CA12D08813900EC1990;
					};
					4A274CBB2D08813A00EC1990 = {
						CreatedOnToolsVersion = 16.1;
						TestTargetID = 4A274CA12D08813900EC1990;
					};
				};
			};
			buildConfigurationList = 4A274C9D2D08813900EC1990 /* Build configuration list for PBXProject "Invisible_Travel" */;
			developmentRegion = en;
			hasScannedForEncodings = 0;
			knownRegions = (
				en,
				Base,
			);
			mainGroup = 4A274C992D08813900EC1990;
			minimizedProjectReferenceProxies = 1;
			preferredProjectObjectVersion = 77;
			productRefGroup = 4A274CA32D08813900EC1990 /* Products */;
			projectDirPath = "";
			projectRoot = "";
			targets = (
				4A274CA12D08813900EC1990 /* Invisible_Travel */,
				4A274CB12D08813A00EC1990 /* Invisible_TravelTests */,
				4A274CBB2D08813A00EC1990 /* Invisible_TravelUITests */,
			);
		};
/* End PBXProject section */

/* Begin PBXResourcesBuildPhase section */
		4A274CA02D08813900EC1990 /* Resources */ = {
			isa = PBXResourcesBuildPhase;
			buildActionMask = 2147483647;
			files = (
			);
			runOnlyForDeploymentPostprocessing = 0;
		};
		4A274CB02D08813A00EC1990 /* Resources */ = {
			isa = PBXResourcesBuildPhase;
			buildActionMask = 2147483647;
			files = (
			);
			runOnlyForDeploymentPostprocessing = 0;
		};
		4A274CBA2D08813A00EC1990 /* Resources */ = {
			isa = PBXResourcesBuildPhase;
			buildActionMask = 2147483647;
			files = (
			);
			runOnlyForDeploymentPostprocessing = 0;
		};
/* End PBXResourcesBuildPhase section */

/* Begin PBXSourcesBuildPhase section */
		4A274C9E2D08813900EC1990 /* Sources */ = {
			isa = PBXSourcesBuildPhase;
			buildActionMask = 2147483647;
			files = (
			);
			runOnlyForDeploymentPostprocessing = 0;
		};
		4A274CAE2D08813A00EC1990 /* Sources */ = {
			isa = PBXSourcesBuildPhase;
			buildActionMask = 2147483647;
			files = (
			);
			runOnlyForDeploymentPostprocessing = 0;
		};
		4A274CB82D08813A00EC1990 /* Sources */ = {
			isa = PBXSourcesBuildPhase;
			buildActionMask = 2147483647;
			files = (
			);
			runOnlyForDeploymentPostprocessing = 0;
		};
/* End PBXSourcesBuildPhase section */

/* Begin PBXTargetDependency section */
		4A274CB42D08813A00EC1990 /* PBXTargetDependency */ = {
			isa = PBXTargetDependency;
			target = 4A274CA12D08813900EC1990 /* Invisible_Travel */;
			targetProxy = 4A274CB32D08813A00EC1990 /* PBXContainerItemProxy */;
		};
		4A274CBE2D08813A00EC1990 /* PBXTargetDependency */ = {
			isa = PBXTargetDependency;
			target = 4A274CA12D08813900EC1990 /* Invisible_Travel */;
			targetProxy = 4A274CBD2D08813A00EC1990 /* PBXContainerItemProxy */;
		};
/* End PBXTargetDependency section */

/* Begin XCBuildConfiguration section */
		4A274CC42D08813A00EC1990 /* Debug */ = {
			isa = XCBuildConfiguration;
			buildSettings = {
				ALWAYS_SEARCH_USER_PATHS = NO;
				ASSETCATALOG_COMPILER_GENERATE_SWIFT_ASSET_SYMBOL_EXTENSIONS = YES;
				CLANG_ANALYZER_NONNULL = YES;
				CLANG_ANALYZER_NUMBER_OBJECT_CONVERSION = YES_AGGRESSIVE;
				CLANG_CXX_LANGUAGE_STANDARD = "gnu++20";
				CLANG_ENABLE_MODULES = YES;
				CLANG_ENABLE_OBJC_ARC = YES;
				CLANG_ENABLE_OBJC_WEAK = YES;
				CLANG_WARN_BLOCK_CAPTURE_AUTORELEASING = YES;
				CLANG_WARN_BOOL_CONVERSION = YES;
				CLANG_WARN_COMMA = YES;
				CLANG_WARN_CONSTANT_CONVERSION = YES;
				CLANG_WARN_DEPRECATED_OBJC_IMPLEMENTATIONS = YES;
				CLANG_WARN_DIRECT_OBJC_ISA_USAGE = YES_ERROR;
				CLANG_WARN_DOCUMENTATION_COMMENTS = YES;
				CLANG_WARN_EMPTY_BODY = YES;
				CLANG_WARN_ENUM_CONVERSION = YES;
				CLANG_WARN_INFINITE_RECURSION = YES;
				CLANG_WARN_INT_CONVERSION = YES;
				CLANG_WARN_NON_LITERAL_NULL_CONVERSION = YES;
				CLANG_WARN_OBJC_IMPLICIT_RETAIN_SELF = YES;
				CLANG_WARN_OBJC_LITERAL_CONVERSION = YES;
				CLANG_WARN_OBJC_ROOT_CLASS = YES_ERROR;
				CLANG_WARN_QUOTED_INCLUDE_IN_FRAMEWORK_HEADER = YES;
				CLANG_WARN_RANGE_LOOP_ANALYSIS = YES;
				CLANG_WARN_STRICT_PROTOTYPES = YES;
				CLANG_WARN_SUSPICIOUS_MOVE = YES;
				CLANG_WARN_UNGUARDED_AVAILABILITY = YES_AGGRESSIVE;
				CLANG_WARN_UNREACHABLE_CODE = YES;
				CLANG_WARN__DUPLICATE_METHOD_MATCH = YES;
				COPY_PHASE_STRIP = NO;
				DEBUG_INFORMATION_FORMAT = dwarf;
				ENABLE_STRICT_OBJC_MSGSEND = YES;
				ENABLE_TESTABILITY = YES;
				ENABLE_USER_SCRIPT_SANDBOXING = YES;
				GCC_C_LANGUAGE_STANDARD = gnu17;
				GCC_DYNAMIC_NO_PIC = NO;
				GCC_NO_COMMON_BLOCKS = YES;
				GCC_OPTIMIZATION_LEVEL = 0;
				GCC_PREPROCESSOR_DEFINITIONS = (
					"DEBUG=1",
					"$(inherited)",
				);
				GCC_WARN_64_TO_32_BIT_CONVERSION = YES;
				GCC_WARN_ABOUT_RETURN_TYPE = YES_ERROR;
				GCC_WARN_UNDECLARED_SELECTOR = YES;
				GCC_WARN_UNINITIALIZED_AUTOS = YES_AGGRESSIVE;
				GCC_WARN_UNUSED_FUNCTION = YES;
				GCC_WARN_UNUSED_VARIABLE = YES;
				IPHONEOS_DEPLOYMENT_TARGET = 18.1;
				LOCALIZATION_PREFERS_STRING_CATALOGS = YES;
				MTL_ENABLE_DEBUG_INFO = INCLUDE_SOURCE;
				MTL_FAST_MATH = YES;
				ONLY_ACTIVE_ARCH = YES;
				SDKROOT = iphoneos;
				SWIFT_ACTIVE_COMPILATION_CONDITIONS = "DEBUG $(inherited)";
				SWIFT_OPTIMIZATION_LEVEL = "-Onone";
			};
			name = Debug;
		};
		4A274CC52D08813A00EC1990 /* Release */ = {
			isa = XCBuildConfiguration;
			buildSettings = {
				ALWAYS_SEARCH_USER_PATHS = NO;
				ASSETCATALOG_COMPILER_GENERATE_SWIFT_ASSET_SYMBOL_EXTENSIONS = YES;
				CLANG_ANALYZER_NONNULL = YES;
				CLANG_ANALYZER_NUMBER_OBJECT_CONVERSION = YES_AGGRESSIVE;
				CLANG_CXX_LANGUAGE_STANDARD = "gnu++20";
				CLANG_ENABLE_MODULES = YES;
				CLANG_ENABLE_OBJC_ARC = YES;
				CLANG_ENABLE_OBJC_WEAK = YES;
				CLANG_WARN_BLOCK_CAPTURE_AUTORELEASING = YES;
				CLANG_WARN_BOOL_CONVERSION = YES;
				CLANG_WARN_COMMA = YES;
				CLANG_WARN_CONSTANT_CONVERSION = YES;
				CLANG_WARN_DEPRECATED_OBJC_IMPLEMENTATIONS = YES;
				CLANG_WARN_DIRECT_OBJC_ISA_USAGE = YES_ERROR;
				CLANG_WARN_DOCUMENTATION_COMMENTS = YES;
				CLANG_WARN_EMPTY_BODY = YES;
				CLANG_WARN_ENUM_CONVERSION = YES;
				CLANG_WARN_INFINITE_RECURSION = YES;
				CLANG_WARN_INT_CONVERSION = YES;
				CLANG_WARN_NON_LITERAL_NULL_CONVERSION = YES;
				CLANG_WARN_OBJC_IMPLICIT_RETAIN_SELF = YES;
				CLANG_WARN_OBJC_LITERAL_CONVERSION = YES;
				CLANG_WARN_OBJC_ROOT_CLASS = YES_ERROR;
				CLANG_WARN_QUOTED_INCLUDE_IN_FRAMEWORK_HEADER = YES;
				CLANG_WARN_RANGE_LOOP_ANALYSIS = YES;
				CLANG_WARN_STRICT_PROTOTYPES = YES;
				CLANG_WARN_SUSPICIOUS_MOVE = YES;
				CLANG_WARN_UNGUARDED_AVAILABILITY = YES_AGGRESSIVE;
				CLANG_WARN_UNREACHABLE_CODE = YES;
				CLANG_WARN__DUPLICATE_METHOD_MATCH = YES;
				COPY_PHASE_STRIP = NO;
				DEBUG_INFORMATION_FORMAT = "dwarf-with-dsym";
				ENABLE_NS_ASSERTIONS = NO;
				ENABLE_STRICT_OBJC_MSGSEND = YES;
				ENABLE_USER_SCRIPT_SANDBOXING = YES;
				GCC_C_LANGUAGE_STANDARD = gnu17;
				GCC_NO_COMMON_BLOCKS = YES;
				GCC_WARN_64_TO_32_BIT_CONVERSION = YES;
				GCC_WARN_ABOUT_RETURN_TYPE = YES_ERROR;
				GCC_WARN_UNDECLARED_SELECTOR = YES;
				GCC_WARN_UNINITIALIZED_AUTOS = YES_AGGRESSIVE;
				GCC_WARN_UNUSED_FUNCTION = YES;
				GCC_WARN_UNUSED_VARIABLE = YES;
				IPHONEOS_DEPLOYMENT_TARGET = 18.1;
				LOCALIZATION_PREFERS_STRING_CATALOGS = YES;
				MTL_ENABLE_DEBUG_INFO = NO;
				MTL_FAST_MATH = YES;
				SDKROOT = iphoneos;
				SWIFT_COMPILATION_MODE = wholemodule;
				VALIDATE_PRODUCT = YES;
			};
			name = Release;
		};
		4A274CC72D08813A00EC1990 /* Debug */ = {
			isa = XCBuildConfiguration;
			buildSettings = {
				ASSETCATALOG_COMPILER_APPICON_NAME = AppIcon;
				ASSETCATALOG_COMPILER_GLOBAL_ACCENT_COLOR_NAME = AccentColor;
				CODE_SIGN_STYLE = Automatic;
				CURRENT_PROJECT_VERSION = 1;
				DEVELOPMENT_ASSET_PATHS = "\"Invisible_Travel/Preview Content\"";
				DEVELOPMENT_TEAM = R2VKP6QB2R;
				ENABLE_PREVIEWS = YES;
				GENERATE_INFOPLIST_FILE = YES;
				INFOPLIST_KEY_UIApplicationSceneManifest_Generation = YES;
				INFOPLIST_KEY_UIApplicationSupportsIndirectInputEvents = YES;
				INFOPLIST_KEY_UILaunchScreen_Generation = YES;
				INFOPLIST_KEY_UISupportedInterfaceOrientations_iPad = "UIInterfaceOrientationPortrait UIInterfaceOrientationPortraitUpsideDown UIInterfaceOrientationLandscapeLeft UIInterfaceOrientationLandscapeRight";
				INFOPLIST_KEY_UISupportedInterfaceOrientations_iPhone = "UIInterfaceOrientationPortrait UIInterfaceOrientationLandscapeLeft UIInterfaceOrientationLandscapeRight";
				LD_RUNPATH_SEARCH_PATHS = (
					"$(inherited)",
					"@executable_path/Frameworks",
				);
				MARKETING_VERSION = 1.0;
				PRODUCT_BUNDLE_IDENTIFIER = "kc.Invisible-Travel";
				PRODUCT_NAME = "$(TARGET_NAME)";
				SWIFT_EMIT_LOC_STRINGS = YES;
				SWIFT_VERSION = 5.0;
				TARGETED_DEVICE_FAMILY = "1,2";
			};
			name = Debug;
		};
		4A274CC82D08813A00EC1990 /* Release */ = {
			isa = XCBuildConfiguration;
			buildSettings = {
				ASSETCATALOG_COMPILER_APPICON_NAME = AppIcon;
				ASSETCATALOG_COMPILER_GLOBAL_ACCENT_COLOR_NAME = AccentColor;
				CODE_SIGN_STYLE = Automatic;
				CURRENT_PROJECT_VERSION = 1;
				DEVELOPMENT_ASSET_PATHS = "\"Invisible_Travel/Preview Content\"";
				DEVELOPMENT_TEAM = R2VKP6QB2R;
				ENABLE_PREVIEWS = YES;
				GENERATE_INFOPLIST_FILE = YES;
				INFOPLIST_KEY_UIApplicationSceneManifest_Generation = YES;
				INFOPLIST_KEY_UIApplicationSupportsIndirectInputEvents = YES;
				INFOPLIST_KEY_UILaunchScreen_Generation = YES;
				INFOPLIST_KEY_UISupportedInterfaceOrientations_iPad = "UIInterfaceOrientationPortrait UIInterfaceOrientationPortraitUpsideDown UIInterfaceOrientationLandscapeLeft UIInterfaceOrientationLandscapeRight";
				INFOPLIST_KEY_UISupportedInterfaceOrientations_iPhone = "UIInterfaceOrientationPortrait UIInterfaceOrientationLandscapeLeft UIInterfaceOrientationLandscapeRight";
				LD_RUNPATH_SEARCH_PATHS = (
					"$(inherited)",
					"@executable_path/Frameworks",
				);
				MARKETING_VERSION = 1.0;
				PRODUCT_BUNDLE_IDENTIFIER = "kc.Invisible-Travel";
				PRODUCT_NAME = "$(TARGET_NAME)";
				SWIFT_EMIT_LOC_STRINGS = YES;
				SWIFT_VERSION = 5.0;
				TARGETED_DEVICE_FAMILY = "1,2";
			};
			name = Release;
		};
		4A274CCA2D08813A00EC1990 /* Debug */ = {
			isa = XCBuildConfiguration;
			buildSettings = {
				BUNDLE_LOADER = "$(TEST_HOST)";
				CODE_SIGN_STYLE = Automatic;
				CURRENT_PROJECT_VERSION = 1;
				DEVELOPMENT_TEAM = R2VKP6QB2R;
				GENERATE_INFOPLIST_FILE = YES;
				IPHONEOS_DEPLOYMENT_TARGET = 18.1;
				MARKETING_VERSION = 1.0;
				PRODUCT_BUNDLE_IDENTIFIER = "kc.Invisible-TravelTests";
				PRODUCT_NAME = "$(TARGET_NAME)";
				SWIFT_EMIT_LOC_STRINGS = NO;
				SWIFT_VERSION = 5.0;
				TARGETED_DEVICE_FAMILY = "1,2";
				TEST_HOST = "$(BUILT_PRODUCTS_DIR)/Invisible_Travel.app/$(BUNDLE_EXECUTABLE_FOLDER_PATH)/Invisible_Travel";
			};
			name = Debug;
		};
		4A274CCB2D08813A00EC1990 /* Release */ = {
			isa = XCBuildConfiguration;
			buildSettings = {
				BUNDLE_LOADER = "$(TEST_HOST)";
				CODE_SIGN_STYLE = Automatic;
				CURRENT_PROJECT_VERSION = 1;
				DEVELOPMENT_TEAM = R2VKP6QB2R;
				GENERATE_INFOPLIST_FILE = YES;
				IPHONEOS_DEPLOYMENT_TARGET = 18.1;
				MARKETING_VERSION = 1.0;
				PRODUCT_BUNDLE_IDENTIFIER = "kc.Invisible-TravelTests";
				PRODUCT_NAME = "$(TARGET_NAME)";
				SWIFT_EMIT_LOC_STRINGS = NO;
				SWIFT_VERSION = 5.0;
				TARGETED_DEVICE_FAMILY = "1,2";
				TEST_HOST = "$(BUILT_PRODUCTS_DIR)/Invisible_Travel.app/$(BUNDLE_EXECUTABLE_FOLDER_PATH)/Invisible_Travel";
			};
			name = Release;
		};
		4A274CCD2D08813A00EC1990 /* Debug */ = {
			isa = XCBuildConfiguration;
			buildSettings = {
				CODE_SIGN_STYLE = Automatic;
				CURRENT_PROJECT_VERSION = 1;
				DEVELOPMENT_TEAM = R2VKP6QB2R;
				GENERATE_INFOPLIST_FILE = YES;
				MARKETING_VERSION = 1.0;
				PRODUCT_BUNDLE_IDENTIFIER = "kc.Invisible-TravelUITests";
				PRODUCT_NAME = "$(TARGET_NAME)";
				SWIFT_EMIT_LOC_STRINGS = NO;
				SWIFT_VERSION = 5.0;
				TARGETED_DEVICE_FAMILY = "1,2";
				TEST_TARGET_NAME = Invisible_Travel;
			};
			name = Debug;
		};
		4A274CCE2D08813A00EC1990 /* Release */ = {
			isa = XCBuildConfiguration;
			buildSettings = {
				CODE_SIGN_STYLE = Automatic;
				CURRENT_PROJECT_VERSION = 1;
				DEVELOPMENT_TEAM = R2VKP6QB2R;
				GENERATE_INFOPLIST_FILE = YES;
				MARKETING_VERSION = 1.0;
				PRODUCT_BUNDLE_IDENTIFIER = "kc.Invisible-TravelUITests";
				PRODUCT_NAME = "$(TARGET_NAME)";
				SWIFT_EMIT_LOC_STRINGS = NO;
				SWIFT_VERSION = 5.0;
				TARGETED_DEVICE_FAMILY = "1,2";
				TEST_TARGET_NAME = Invisible_Travel;
			};
			name = Release;
		};
/* End XCBuildConfiguration section */

/* Begin XCConfigurationList section */
		4A274C9D2D08813900EC1990 /* Build configuration list for PBXProject "Invisible_Travel" */ = {
			isa = XCConfigurationList;
			buildConfigurations = (
				4A274CC42D08813A00EC1990 /* Debug */,
				4A274CC52D08813A00EC1990 /* Release */,
			);
			defaultConfigurationIsVisible = 0;
			defaultConfigurationName = Release;
		};
		4A274CC62D08813A00EC1990 /* Build configuration list for PBXNativeTarget "Invisible_Travel" */ = {
			isa = XCConfigurationList;
			buildConfigurations = (
				4A274CC72D08813A00EC1990 /* Debug */,
				4A274CC82D08813A00EC1990 /* Release */,
			);
			defaultConfigurationIsVisible = 0;
			defaultConfigurationName = Release;
		};
		4A274CC92D08813A00EC1990 /* Build configuration list for PBXNativeTarget "Invisible_TravelTests" */ = {
			isa = XCConfigurationList;
			buildConfigurations = (
				4A274CCA2D08813A00EC1990 /* Debug */,
				4A274CCB2D08813A00EC1990 /* Release */,
			);
			defaultConfigurationIsVisible = 0;
			defaultConfigurationName = Release;
		};
		4A274CCC2D08813A00EC1990 /* Build configuration list for PBXNativeTarget "Invisible_TravelUITests" */ = {
			isa = XCConfigurationList;
			buildConfigurations = (
				4A274CCD2D08813A00EC1990 /* Debug */,
				4A274CCE2D08813A00EC1990 /* Release */,
			);
			defaultConfigurationIsVisible = 0;
			defaultConfigurationName = Release;
		};
/* End XCConfigurationList section */
	};
	rootObject = 4A274C9A2D08813900EC1990 /* Project object */;
}
